// !$*UTF8*$!
{
	archiveVersion = 1;
	classes = {
	};
	objectVersion = 50;
	objects = {

/* Begin PBXBuildFile section */
		B82DCD4920CB92E1008F1D75 /* AppDelegate.m in Sources */ = {isa = PBXBuildFile; fileRef = B82DCD4820CB92E1008F1D75 /* AppDelegate.m */; };
		B82DCD4C20CB92E1008F1D75 /* ViewController.m in Sources */ = {isa = PBXBuildFile; fileRef = B82DCD4B20CB92E1008F1D75 /* ViewController.m */; };
		B82DCD4F20CB92E1008F1D75 /* Main.storyboard in Resources */ = {isa = PBXBuildFile; fileRef = B82DCD4D20CB92E1008F1D75 /* Main.storyboard */; };
		B82DCD5120CB92E3008F1D75 /* Assets.xcassets in Resources */ = {isa = PBXBuildFile; fileRef = B82DCD5020CB92E3008F1D75 /* Assets.xcassets */; };
		B82DCD5420CB92E3008F1D75 /* LaunchScreen.storyboard in Resources */ = {isa = PBXBuildFile; fileRef = B82DCD5220CB92E3008F1D75 /* LaunchScreen.storyboard */; };
		B82DCD5720CB92E3008F1D75 /* main.m in Sources */ = {isa = PBXBuildFile; fileRef = B82DCD5620CB92E3008F1D75 /* main.m */; };
/* End PBXBuildFile section */

/* Begin PBXFileReference section */
		B82DCD4420CB92E1008F1D75 /* HFOxygen.app */ = {isa = PBXFileReference; explicitFileType = wrapper.application; includeInIndex = 0; path = HFOxygen.app; sourceTree = BUILT_PRODUCTS_DIR; };
		B82DCD4720CB92E1008F1D75 /* AppDelegate.h */ = {isa = PBXFileReference; lastKnownFileType = sourcecode.c.h; path = AppDelegate.h; sourceTree = "<group>"; };
		B82DCD4820CB92E1008F1D75 /* AppDelegate.m */ = {isa = PBXFileReference; lastKnownFileType = sourcecode.c.objc; path = AppDelegate.m; sourceTree = "<group>"; };
		B82DCD4A20CB92E1008F1D75 /* ViewController.h */ = {isa = PBXFileReference; lastKnownFileType = sourcecode.c.h; path = ViewController.h; sourceTree = "<group>"; };
		B82DCD4B20CB92E1008F1D75 /* ViewController.m */ = {isa = PBXFileReference; lastKnownFileType = sourcecode.c.objc; path = ViewController.m; sourceTree = "<group>"; };
		B82DCD4E20CB92E1008F1D75 /* Base */ = {isa = PBXFileReference; lastKnownFileType = file.storyboard; name = Base; path = Base.lproj/Main.storyboard; sourceTree = "<group>"; };
		B82DCD5020CB92E3008F1D75 /* Assets.xcassets */ = {isa = PBXFileReference; lastKnownFileType = folder.assetcatalog; path = Assets.xcassets; sourceTree = "<group>"; };
		B82DCD5320CB92E3008F1D75 /* Base */ = {isa = PBXFileReference; lastKnownFileType = file.storyboard; name = Base; path = Base.lproj/LaunchScreen.storyboard; sourceTree = "<group>"; };
		B82DCD5520CB92E3008F1D75 /* Info.plist */ = {isa = PBXFileReference; lastKnownFileType = text.plist.xml; path = Info.plist; sourceTree = "<group>"; };
		B82DCD5620CB92E3008F1D75 /* main.m */ = {isa = PBXFileReference; lastKnownFileType = sourcecode.c.objc; path = main.m; sourceTree = "<group>"; };
/* End PBXFileReference section */

/* Begin PBXFrameworksBuildPhase section */
		B82DCD4120CB92E1008F1D75 /* Frameworks */ = {
			isa = PBXFrameworksBuildPhase;
			buildActionMask = 2147483647;
			files = (
			);
			runOnlyForDeploymentPostprocessing = 0;
		};
/* End PBXFrameworksBuildPhase section */

/* Begin PBXGroup section */
		B82DCD3B20CB92E1008F1D75 = {
			isa = PBXGroup;
			children = (
				B82DCD4620CB92E1008F1D75 /* HFOxygen */,
				B82DCD4520CB92E1008F1D75 /* Products */,
			);
			sourceTree = "<group>";
		};
		B82DCD4520CB92E1008F1D75 /* Products */ = {
			isa = PBXGroup;
			children = (
				B82DCD4420CB92E1008F1D75 /* HFOxygen.app */,
			);
			name = Products;
			sourceTree = "<group>";
		};
		B82DCD4620CB92E1008F1D75 /* HFOxygen */ = {
			isa = PBXGroup;
			children = (
				B82DCD4720CB92E1008F1D75 /* AppDelegate.h */,
				B82DCD4820CB92E1008F1D75 /* AppDelegate.m */,
				B82DCD4A20CB92E1008F1D75 /* ViewController.h */,
				B82DCD4B20CB92E1008F1D75 /* ViewController.m */,
				B82DCD4D20CB92E1008F1D75 /* Main.storyboard */,
				B82DCD5020CB92E3008F1D75 /* Assets.xcassets */,
				B82DCD5220CB92E3008F1D75 /* LaunchScreen.storyboard */,
				B82DCD5520CB92E3008F1D75 /* Info.plist */,
				B82DCD5620CB92E3008F1D75 /* main.m */,
			);
			path = HFOxygen;
			sourceTree = "<group>";
		};
/* End PBXGroup section */

/* Begin PBXNativeTarget section */
		B82DCD4320CB92E1008F1D75 /* HFOxygen */ = {
			isa = PBXNativeTarget;
			buildConfigurationList = B82DCD5A20CB92E3008F1D75 /* Build configuration list for PBXNativeTarget "HFOxygen" */;
			buildPhases = (
				B82DCD4020CB92E1008F1D75 /* Sources */,
				B82DCD4120CB92E1008F1D75 /* Frameworks */,
				B82DCD4220CB92E1008F1D75 /* Resources */,
			);
			buildRules = (
			);
			dependencies = (
			);
			name = HFOxygen;
			productName = HFOxygen;
			productReference = B82DCD4420CB92E1008F1D75 /* HFOxygen.app */;
			productType = "com.apple.product-type.application";
		};
/* End PBXNativeTarget section */

/* Begin PBXProject section */
		B82DCD3C20CB92E1008F1D75 /* Project object */ = {
			isa = PBXProject;
			attributes = {
				LastUpgradeCheck = 0930;
				ORGANIZATIONNAME = "提运佳";
				TargetAttributes = {
					B82DCD4320CB92E1008F1D75 = {
						CreatedOnToolsVersion = 9.3;
					};
				};
			};
			buildConfigurationList = B82DCD3F20CB92E1008F1D75 /* Build configuration list for PBXProject "HFOxygen" */;
			compatibilityVersion = "Xcode 9.3";
			developmentRegion = en;
			hasScannedForEncodings = 0;
			knownRegions = (
				en,
				Base,
			);
			mainGroup = B82DCD3B20CB92E1008F1D75;
			productRefGroup = B82DCD4520CB92E1008F1D75 /* Products */;
			projectDirPath = "";
			projectRoot = "";
			targets = (
				B82DCD4320CB92E1008F1D75 /* HFOxygen */,
			);
		};
/* End PBXProject section */

/* Begin PBXResourcesBuildPhase section */
		B82DCD4220CB92E1008F1D75 /* Resources */ = {
			isa = PBXResourcesBuildPhase;
			buildActionMask = 2147483647;
			files = (
				B82DCD5420CB92E3008F1D75 /* LaunchScreen.storyboard in Resources */,
				B82DCD5120CB92E3008F1D75 /* Assets.xcassets in Resources */,
				B82DCD4F20CB92E1008F1D75 /* Main.storyboard in Resources */,
			);
			runOnlyForDeploymentPostprocessing = 0;
		};
/* End PBXResourcesBuildPhase section */

/* Begin PBXSourcesBuildPhase section */
		B82DCD4020CB92E1008F1D75 /* Sources */ = {
			isa = PBXSourcesBuildPhase;
			buildActionMask = 2147483647;
			files = (
				B82DCD4C20CB92E1008F1D75 /* ViewController.m in Sources */,
				B82DCD5720CB92E3008F1D75 /* main.m in Sources */,
				B82DCD4920CB92E1008F1D75 /* AppDelegate.m in Sources */,
			);
			runOnlyForDeploymentPostprocessing = 0;
		};
/* End PBXSourcesBuildPhase section */

/* Begin PBXVariantGroup section */
		B82DCD4D20CB92E1008F1D75 /* Main.storyboard */ = {
			isa = PBXVariantGroup;
			children = (
				B82DCD4E20CB92E1008F1D75 /* Base */,
			);
			name = Main.storyboard;
			sourceTree = "<group>";
		};
		B82DCD5220CB92E3008F1D75 /* LaunchScreen.storyboard */ = {
			isa = PBXVariantGroup;
			children = (
				B82DCD5320CB92E3008F1D75 /* Base */,
			);
			name = LaunchScreen.storyboard;
			sourceTree = "<group>";
		};
/* End PBXVariantGroup section */

/* Begin XCBuildConfiguration section */
		B82DCD5820CB92E3008F1D75 /* Debug */ = {
			isa = XCBuildConfiguration;
			buildSettings = {
				ALWAYS_SEARCH_USER_PATHS = NO;
				CLANG_ANALYZER_NONNULL = YES;
				CLANG_ANALYZER_NUMBER_OBJECT_CONVERSION = YES_AGGRESSIVE;
				CLANG_CXX_LANGUAGE_STANDARD = "gnu++14";
				CLANG_CXX_LIBRARY = "libc++";
				CLANG_ENABLE_MODULES = YES;
				CLANG_ENABLE_OBJC_ARC = YES;
				CLANG_ENABLE_OBJC_WEAK = YES;
				CLANG_WARN_BLOCK_CAPTURE_AUTORELEASING = YES;
				CLANG_WARN_BOOL_CONVERSION = YES;
				CLANG_WARN_COMMA = YES;
				CLANG_WARN_CONSTANT_CONVERSION = YES;
				CLANG_WARN_DEPRECATED_OBJC_IMPLEMENTATIONS = YES;
				CLANG_WARN_DIRECT_OBJC_ISA_USAGE = YES_ERROR;
				CLANG_WARN_DOCUMENTATION_COMMENTS = YES;
				CLANG_WARN_EMPTY_BODY = YES;
				CLANG_WARN_ENUM_CONVERSION = YES;
				CLANG_WARN_INFINITE_RECURSION = YES;
				CLANG_WARN_INT_CONVERSION = YES;
				CLANG_WARN_NON_LITERAL_NULL_CONVERSION = YES;
				CLANG_WARN_OBJC_IMPLICIT_RETAIN_SELF = YES;
				CLANG_WARN_OBJC_LITERAL_CONVERSION = YES;
				CLANG_WARN_OBJC_ROOT_CLASS = YES_ERROR;
				CLANG_WARN_RANGE_LOOP_ANALYSIS = YES;
				CLANG_WARN_STRICT_PROTOTYPES = YES;
				CLANG_WARN_SUSPICIOUS_MOVE = YES;
				CLANG_WARN_UNGUARDED_AVAILABILITY = YES_AGGRESSIVE;
				CLANG_WARN_UNREACHABLE_CODE = YES;
				CLANG_WARN__DUPLICATE_METHOD_MATCH = YES;
				CODE_SIGN_IDENTITY = "iPhone Developer";
				COPY_PHASE_STRIP = NO;
				DEBUG_INFORMATION_FORMAT = dwarf;
				ENABLE_STRICT_OBJC_MSGSEND = YES;
				ENABLE_TESTABILITY = YES;
				GCC_C_LANGUAGE_STANDARD = gnu11;
				GCC_DYNAMIC_NO_PIC = NO;
				GCC_NO_COMMON_BLOCKS = YES;
				GCC_OPTIMIZATION_LEVEL = 0;
				GCC_PREPROCESSOR_DEFINITIONS = (
					"DEBUG=1",
					"$(inherited)",
				);
				GCC_WARN_64_TO_32_BIT_CONVERSION = YES;
				GCC_WARN_ABOUT_RETURN_TYPE = YES_ERROR;
				GCC_WARN_UNDECLARED_SELECTOR = YES;
				GCC_WARN_UNINITIALIZED_AUTOS = YES_AGGRESSIVE;
				GCC_WARN_UNUSED_FUNCTION = YES;
				GCC_WARN_UNUSED_VARIABLE = YES;
				IPHONEOS_DEPLOYMENT_TARGET = 11.3;
				MTL_ENABLE_DEBUG_INFO = YES;
				ONLY_ACTIVE_ARCH = YES;
				SDKROOT = iphoneos;
			};
			name = Debug;
		};
		B82DCD5920CB92E3008F1D75 /* Release */ = {
			isa = XCBuildConfiguration;
			buildSettings = {
				ALWAYS_SEARCH_USER_PATHS = NO;
				CLANG_ANALYZER_NONNULL = YES;
				CLANG_ANALYZER_NUMBER_OBJECT_CONVERSION = YES_AGGRESSIVE;
				CLANG_CXX_LANGUAGE_STANDARD = "gnu++14";
				CLANG_CXX_LIBRARY = "libc++";
				CLANG_ENABLE_MODULES = YES;
				CLANG_ENABLE_OBJC_ARC = YES;
				CLANG_ENABLE_OBJC_WEAK = YES;
				CLANG_WARN_BLOCK_CAPTURE_AUTORELEASING = YES;
				CLANG_WARN_BOOL_CONVERSION = YES;
				CLANG_WARN_COMMA = YES;
				CLANG_WARN_CONSTANT_CONVERSION = YES;
				CLANG_WARN_DEPRECATED_OBJC_IMPLEMENTATIONS = YES;
				CLANG_WARN_DIRECT_OBJC_ISA_USAGE = YES_ERROR;
				CLANG_WARN_DOCUMENTATION_COMMENTS = YES;
				CLANG_WARN_EMPTY_BODY = YES;
				CLANG_WARN_ENUM_CONVERSION = YES;
				CLANG_WARN_INFINITE_RECURSION = YES;
				CLANG_WARN_INT_CONVERSION = YES;
				CLANG_WARN_NON_LITERAL_NULL_CONVERSION = YES;
				CLANG_WARN_OBJC_IMPLICIT_RETAIN_SELF = YES;
				CLANG_WARN_OBJC_LITERAL_CONVERSION = YES;
				CLANG_WARN_OBJC_ROOT_CLASS = YES_ERROR;
				CLANG_WARN_RANGE_LOOP_ANALYSIS = YES;
				CLANG_WARN_STRICT_PROTOTYPES = YES;
				CLANG_WARN_SUSPICIOUS_MOVE = YES;
				CLANG_WARN_UNGUARDED_AVAILABILITY = YES_AGGRESSIVE;
				CLANG_WARN_UNREACHABLE_CODE = YES;
				CLANG_WARN__DUPLICATE_METHOD_MATCH = YES;
				CODE_SIGN_IDENTITY = "iPhone Developer";
				COPY_PHASE_STRIP = NO;
				DEBUG_INFORMATION_FORMAT = "dwarf-with-dsym";
				ENABLE_NS_ASSERTIONS = NO;
				ENABLE_STRICT_OBJC_MSGSEND = YES;
				GCC_C_LANGUAGE_STANDARD = gnu11;
				GCC_NO_COMMON_BLOCKS = YES;
				GCC_WARN_64_TO_32_BIT_CONVERSION = YES;
				GCC_WARN_ABOUT_RETURN_TYPE = YES_ERROR;
				GCC_WARN_UNDECLARED_SELECTOR = YES;
				GCC_WARN_UNINITIALIZED_AUTOS = YES_AGGRESSIVE;
				GCC_WARN_UNUSED_FUNCTION = YES;
				GCC_WARN_UNUSED_VARIABLE = YES;
				IPHONEOS_DEPLOYMENT_TARGET = 11.3;
				MTL_ENABLE_DEBUG_INFO = NO;
				SDKROOT = iphoneos;
				VALIDATE_PRODUCT = YES;
			};
			name = Release;
		};
		B82DCD5B20CB92E3008F1D75 /* Debug */ = {
			isa = XCBuildConfiguration;
			buildSettings = {
				ASSETCATALOG_COMPILER_APPICON_NAME = AppIcon;
				CODE_SIGN_STYLE = Automatic;
				INFOPLIST_FILE = HFOxygen/Info.plist;
				LD_RUNPATH_SEARCH_PATHS = (
					"$(inherited)",
					"@executable_path/Frameworks",
				);
				PRODUCT_BUNDLE_IDENTIFIER = com.tiyunjia.HFOxygen;
				PRODUCT_NAME = "$(TARGET_NAME)";
				TARGETED_DEVICE_FAMILY = "1,2";
			};
			name = Debug;
		};
		B82DCD5C20CB92E3008F1D75 /* Release */ = {
			isa = XCBuildConfiguration;
			buildSettings = {
				ASSETCATALOG_COMPILER_APPICON_NAME = AppIcon;
				CODE_SIGN_STYLE = Automatic;
				INFOPLIST_FILE = HFOxygen/Info.plist;
				LD_RUNPATH_SEARCH_PATHS = (
					"$(inherited)",
					"@executable_path/Frameworks",
				);
				PRODUCT_BUNDLE_IDENTIFIER = com.tiyunjia.HFOxygen;
				PRODUCT_NAME = "$(TARGET_NAME)";
				TARGETED_DEVICE_FAMILY = "1,2";
			};
			name = Release;
		};
/* End XCBuildConfiguration section */

/* Begin XCConfigurationList section */
		B82DCD3F20CB92E1008F1D75 /* Build configuration list for PBXProject "HFOxygen" */ = {
			isa = XCConfigurationList;
			buildConfigurations = (
				B82DCD5820CB92E3008F1D75 /* Debug */,
				B82DCD5920CB92E3008F1D75 /* Release */,
			);
			defaultConfigurationIsVisible = 0;
			defaultConfigurationName = Release;
		};
		B82DCD5A20CB92E3008F1D75 /* Build configuration list for PBXNativeTarget "HFOxygen" */ = {
			isa = XCConfigurationList;
			buildConfigurations = (
				B82DCD5B20CB92E3008F1D75 /* Debug */,
				B82DCD5C20CB92E3008F1D75 /* Release */,
			);
			defaultConfigurationIsVisible = 0;
			defaultConfigurationName = Release;
		};
/* End XCConfigurationList section */
	};
	rootObject = B82DCD3C20CB92E1008F1D75 /* Project object */;
}
